
Microsoft Visual Studio Solution File, Format Version 12.00
# Visual Studio 14
VisualStudioVersion = 14.0.23107.0
MinimumVisualStudioVersion = 10.0.40219.1
Project("{FAE04EC0-301F-11D3-BF4B-00C04F79EFBC}") = "Voice_recognition", "Voice_recognition\Voice_recognition.csproj", "{90E62296-8DDC-4C2E-A52F-856F8B89C64D}"
EndProject
Global
	GlobalSection(SolutionConfigurationPlatforms) = preSolution
		Debug|Any CPU = Debug|Any CPU
		Release|Any CPU = Release|Any CPU
	EndGlobalSection
	GlobalSection(ProjectConfigurationPlatforms) = postSolution
		{90E62296-8DDC-4C2E-A52F-856F8B89C64D}.Debug|Any CPU.ActiveCfg = Debug|Any CPU
		{90E62296-8DDC-4C2E-A52F-856F8B89C64D}.Debug|Any CPU.Build.0 = Debug|Any CPU
		{90E62296-8DDC-4C2E-A52F-856F8B89C64D}.Release|Any CPU.ActiveCfg = Release|Any CPU
		{90E62296-8DDC-4C2E-A52F-856F8B89C64D}.Release|Any CPU.Build.0 = Release|Any CPU
	EndGlobalSection
	GlobalSection(SolutionProperties) = preSolution
		HideSolutionNode = FALSE
	EndGlobalSection
EndGlobal
